
Microsoft Visual Studio Solution File, Format Version 12.00
# Visual Studio Version 16
VisualStudioVersion = 16.0.30011.22
MinimumVisualStudioVersion = 10.0.40219.1
Project("{FAE04EC0-301F-11D3-BF4B-00C04F79EFBC}") = "导出Excel", "导出Excel\导出Excel.csproj", "{17FA7272-500F-4D2E-912E-7055F40AE0B0}"
EndProject
Global
	GlobalSection(SolutionConfigurationPlatforms) = preSolution
		Debug|Any CPU = Debug|Any CPU
		Release|Any CPU = Release|Any CPU
	EndGlobalSection
	GlobalSection(ProjectConfigurationPlatforms) = postSolution
		{17FA7272-500F-4D2E-912E-7055F40AE0B0}.Debug|Any CPU.ActiveCfg = Debug|Any CPU
		{17FA7272-500F-4D2E-912E-7055F40AE0B0}.Debug|Any CPU.Build.0 = Debug|Any CPU
		{17FA7272-500F-4D2E-912E-7055F40AE0B0}.Release|Any CPU.ActiveCfg = Release|Any CPU
		{17FA7272-500F-4D2E-912E-7055F40AE0B0}.Release|Any CPU.Build.0 = Release|Any CPU
	EndGlobalSection
	GlobalSection(SolutionProperties) = preSolution
		HideSolutionNode = FALSE
	EndGlobalSection
	GlobalSection(ExtensibilityGlobals) = postSolution
		SolutionGuid = {18DCB74A-1DDC-4B6F-BDB4-607D1F88243D}
	EndGlobalSection
EndGlobal
